github.com/marti700/veritas v0.0.0-20220116215507-d5e3662659a8 h1:8Y+mfNKmACmBKo4XIX2PMyYk9e3JTsF51krnTNb9Fp0=
github.com/marti700/veritas v0.0.0-20220116215507-d5e3662659a8/go.mod h1:j8HtjoGpCxS7QCU5+/c+yvJ3G+xfDpY2wrH+Yia58Fo=
github.com/marti700/veritas v0.0.0-20220121213100-0a242ecbf666 h1:6z0uTzLIouCFL6gxHXXW9okX0PWRKWpBGBmhorJghWg=
github.com/marti700/veritas v0.0.0-20220121213100-0a242ecbf666/go.mod h1:j8HtjoGpCxS7QCU5+/c+yvJ3G+xfDpY2wrH+Yia58Fo=
